{
  "requires": true,
  "lockfileVersion": 1,
  "dependencies": {
    "@fortawesome/fontawesome-free": {
      "version": "5.15.2",
      "resolved": "https://registry.npmjs.org/@fortawesome/fontawesome-free/-/fontawesome-free-5.15.2.tgz",
      "integrity": "sha512-7l/AX41m609L/EXI9EKH3Vs3v0iA8tKlIOGtw+kgcoanI7p+e4I4GYLqW3UXWiTnjSFymKSmTTPKYrivzbxxqA=="
    },
    "bootstrap": {
      "version": "3.3.7",
      "resolved": "https://registry.npmjs.org/bootstrap/-/bootstrap-3.3.7.tgz",
      "integrity": "sha1-WjiTlFSfIzMIdaOxUGVldPip63E="
    },
    "vue-social-sharing": {
      "version": "3.0.4",
      "resolved": "https://registry.npmjs.org/vue-social-sharing/-/vue-social-sharing-3.0.4.tgz",
      "integrity": "sha512-noifuAgZIiNnsVEwGYz0kTVRdj80JkEIt1Qp1HRTLYPPQsyKVhrIMqJGVQGQjm9cp4UB51pUOxdGElMVyavvtw=="
    }
  }
}
